
Microsoft Visual Studio Solution File, Format Version 12.00
# Visual Studio Version 17
VisualStudioVersion = 17.9.34728.123
MinimumVisualStudioVersion = 10.0.40219.1
Project("{FAE04EC0-301F-11D3-BF4B-00C04F79EFBC}") = "ADONETE", "ADONETE\ADONETE.csproj", "{CE96B7BF-08FE-460C-AE8E-7024543BAE03}"
EndProject
Global
	GlobalSection(SolutionConfigurationPlatforms) = preSolution
		Debug|Any CPU = Debug|Any CPU
		Release|Any CPU = Release|Any CPU
	EndGlobalSection
	GlobalSection(ProjectConfigurationPlatforms) = postSolution
		{CE96B7BF-08FE-460C-AE8E-7024543BAE03}.Debug|Any CPU.ActiveCfg = Debug|Any CPU
		{CE96B7BF-08FE-460C-AE8E-7024543BAE03}.Debug|Any CPU.Build.0 = Debug|Any CPU
		{CE96B7BF-08FE-460C-AE8E-7024543BAE03}.Release|Any CPU.ActiveCfg = Release|Any CPU
		{CE96B7BF-08FE-460C-AE8E-7024543BAE03}.Release|Any CPU.Build.0 = Release|Any CPU
	EndGlobalSection
	GlobalSection(SolutionProperties) = preSolution
		HideSolutionNode = FALSE
	EndGlobalSection
	GlobalSection(ExtensibilityGlobals) = postSolution
		SolutionGuid = {B6247FB8-536F-43DE-B60C-3371F301100E}
	EndGlobalSection
EndGlobal
