
Microsoft Visual Studio Solution File, Format Version 12.00
# Visual Studio Version 17
VisualStudioVersion = 17.9.34728.123
MinimumVisualStudioVersion = 10.0.40219.1
Project("{FAE04EC0-301F-11D3-BF4B-00C04F79EFBC}") = "ADONETExample", "ADONETExample\ADONETExample.csproj", "{4FD75B2F-3BF8-4E88-9A4D-FA87CED58B14}"
EndProject
Global
	GlobalSection(SolutionConfigurationPlatforms) = preSolution
		Debug|Any CPU = Debug|Any CPU
		Release|Any CPU = Release|Any CPU
	EndGlobalSection
	GlobalSection(ProjectConfigurationPlatforms) = postSolution
		{4FD75B2F-3BF8-4E88-9A4D-FA87CED58B14}.Debug|Any CPU.ActiveCfg = Debug|Any CPU
		{4FD75B2F-3BF8-4E88-9A4D-FA87CED58B14}.Debug|Any CPU.Build.0 = Debug|Any CPU
		{4FD75B2F-3BF8-4E88-9A4D-FA87CED58B14}.Release|Any CPU.ActiveCfg = Release|Any CPU
		{4FD75B2F-3BF8-4E88-9A4D-FA87CED58B14}.Release|Any CPU.Build.0 = Release|Any CPU
	EndGlobalSection
	GlobalSection(SolutionProperties) = preSolution
		HideSolutionNode = FALSE
	EndGlobalSection
	GlobalSection(ExtensibilityGlobals) = postSolution
		SolutionGuid = {EB6FCD2D-2CB3-40C9-A444-875805D9BBBC}
	EndGlobalSection
EndGlobal
